
Microsoft Visual Studio Solution File, Format Version 12.00
# Visual Studio Version 17
VisualStudioVersion = 17.3.32825.248
MinimumVisualStudioVersion = 10.0.40219.1
Project("{9A19103F-16F7-4668-BE54-9A1E7A4F7556}") = "BulkyBookWeb", "BulkyBookWeb\BulkyBookWeb.csproj", "{0E331A71-F89D-4803-AD63-43FD913166A2}"
EndProject
Project("{2150E333-8FDC-42A3-9474-1A3956D46DE8}") = "Solution Items", "Solution Items", "{561187F1-C1D5-4BB3-B806-958E8A8DD0D4}"
	ProjectSection(SolutionItems) = preProject
		.editorconfig = .editorconfig
	EndProjectSection
EndProject
Project("{FAE04EC0-301F-11D3-BF4B-00C04F79EFBC}") = "BulkyBook.DataAccess", "BulkyBook.DataAccess\BulkyBook.DataAccess.csproj", "{4BB54322-ADCF-4BD8-B820-A86C47C8E120}"
EndProject
Project("{FAE04EC0-301F-11D3-BF4B-00C04F79EFBC}") = "BulkyBook.Modals", "BulkyBook.Modals\BulkyBook.Modals.csproj", "{5365F032-CB2B-4EAC-8FE7-BCCFACCFDB46}"
EndProject
Project("{FAE04EC0-301F-11D3-BF4B-00C04F79EFBC}") = "BulkyBook.Utility", "BulkyBook.Utility\BulkyBook.Utility.csproj", "{68308A66-2B76-4329-97DC-F745327E4985}"
EndProject
Global
	GlobalSection(SolutionConfigurationPlatforms) = preSolution
		Debug|Any CPU = Debug|Any CPU
		Release|Any CPU = Release|Any CPU
	EndGlobalSection
	GlobalSection(ProjectConfigurationPlatforms) = postSolution
		{0E331A71-F89D-4803-AD63-43FD913166A2}.Debug|Any CPU.ActiveCfg = Debug|Any CPU
		{0E331A71-F89D-4803-AD63-43FD913166A2}.Debug|Any CPU.Build.0 = Debug|Any CPU
		{0E331A71-F89D-4803-AD63-43FD913166A2}.Release|Any CPU.ActiveCfg = Release|Any CPU
		{0E331A71-F89D-4803-AD63-43FD913166A2}.Release|Any CPU.Build.0 = Release|Any CPU
		{4BB54322-ADCF-4BD8-B820-A86C47C8E120}.Debug|Any CPU.ActiveCfg = Debug|Any CPU
		{4BB54322-ADCF-4BD8-B820-A86C47C8E120}.Debug|Any CPU.Build.0 = Debug|Any CPU
		{4BB54322-ADCF-4BD8-B820-A86C47C8E120}.Release|Any CPU.ActiveCfg = Release|Any CPU
		{4BB54322-ADCF-4BD8-B820-A86C47C8E120}.Release|Any CPU.Build.0 = Release|Any CPU
		{5365F032-CB2B-4EAC-8FE7-BCCFACCFDB46}.Debug|Any CPU.ActiveCfg = Debug|Any CPU
		{5365F032-CB2B-4EAC-8FE7-BCCFACCFDB46}.Debug|Any CPU.Build.0 = Debug|Any CPU
		{5365F032-CB2B-4EAC-8FE7-BCCFACCFDB46}.Release|Any CPU.ActiveCfg = Release|Any CPU
		{5365F032-CB2B-4EAC-8FE7-BCCFACCFDB46}.Release|Any CPU.Build.0 = Release|Any CPU
		{68308A66-2B76-4329-97DC-F745327E4985}.Debug|Any CPU.ActiveCfg = Debug|Any CPU
		{68308A66-2B76-4329-97DC-F745327E4985}.Debug|Any CPU.Build.0 = Debug|Any CPU
		{68308A66-2B76-4329-97DC-F745327E4985}.Release|Any CPU.ActiveCfg = Release|Any CPU
		{68308A66-2B76-4329-97DC-F745327E4985}.Release|Any CPU.Build.0 = Release|Any CPU
	EndGlobalSection
	GlobalSection(SolutionProperties) = preSolution
		HideSolutionNode = FALSE
	EndGlobalSection
	GlobalSection(ExtensibilityGlobals) = postSolution
		SolutionGuid = {EB643843-54AC-4CE1-BFB1-ADA6CBF07748}
	EndGlobalSection
EndGlobal
